
Microsoft Visual Studio Solution File, Format Version 12.00
# Visual Studio Version 16
VisualStudioVersion = 16.0.31424.327
MinimumVisualStudioVersion = 10.0.40219.1
Project("{FAE04EC0-301F-11D3-BF4B-00C04F79EFBC}") = "NedoBluetoothPairing", "NedoBluetoothPairing\NedoBluetoothPairing.csproj", "{0CC64F18-39A5-4ACA-845A-7B933FB9EB64}"
EndProject
Global
	GlobalSection(SolutionConfigurationPlatforms) = preSolution
		Debug|Any CPU = Debug|Any CPU
		Release|Any CPU = Release|Any CPU
	EndGlobalSection
	GlobalSection(ProjectConfigurationPlatforms) = postSolution
		{0CC64F18-39A5-4ACA-845A-7B933FB9EB64}.Debug|Any CPU.ActiveCfg = Debug|Any CPU
		{0CC64F18-39A5-4ACA-845A-7B933FB9EB64}.Debug|Any CPU.Build.0 = Debug|Any CPU
		{0CC64F18-39A5-4ACA-845A-7B933FB9EB64}.Release|Any CPU.ActiveCfg = Release|Any CPU
		{0CC64F18-39A5-4ACA-845A-7B933FB9EB64}.Release|Any CPU.Build.0 = Release|Any CPU
	EndGlobalSection
	GlobalSection(SolutionProperties) = preSolution
		HideSolutionNode = FALSE
	EndGlobalSection
	GlobalSection(ExtensibilityGlobals) = postSolution
		SolutionGuid = {662FAEB8-86FA-4474-AEBA-2BB5C70C8B39}
	EndGlobalSection
EndGlobal
